
Microsoft Visual Studio Solution File, Format Version 12.00
# Visual Studio 14
VisualStudioVersion = 14.0.23107.0
MinimumVisualStudioVersion = 10.0.40219.1
Project("{8BC9CEB8-8B4A-11D0-8D11-00A0C91BC942}") = "EX9.6_quatratic equations", "EX9.6_quatratic equations\EX9.6_quatratic equations.vcxproj", "{6E110CE8-E709-4842-9022-B96B7589233B}"
EndProject
Project("{F088123C-0E9E-452A-89E6-6BA2F21D5CAC}") = "Quadratic Equation UML", "Quadratic Equation UML\Quadratic Equation UML.modelproj", "{144EA11B-2E76-4AFA-87ED-50F8FD6D9103}"
EndProject
Global
	GlobalSection(SolutionConfigurationPlatforms) = preSolution
		Debug|Any CPU = Debug|Any CPU
		Debug|x64 = Debug|x64
		Debug|x86 = Debug|x86
		Release|Any CPU = Release|Any CPU
		Release|x64 = Release|x64
		Release|x86 = Release|x86
	EndGlobalSection
	GlobalSection(ProjectConfigurationPlatforms) = postSolution
		{6E110CE8-E709-4842-9022-B96B7589233B}.Debug|Any CPU.ActiveCfg = Debug|Win32
		{6E110CE8-E709-4842-9022-B96B7589233B}.Debug|x64.ActiveCfg = Debug|x64
		{6E110CE8-E709-4842-9022-B96B7589233B}.Debug|x64.Build.0 = Debug|x64
		{6E110CE8-E709-4842-9022-B96B7589233B}.Debug|x86.ActiveCfg = Debug|Win32
		{6E110CE8-E709-4842-9022-B96B7589233B}.Debug|x86.Build.0 = Debug|Win32
		{6E110CE8-E709-4842-9022-B96B7589233B}.Release|Any CPU.ActiveCfg = Release|Win32
		{6E110CE8-E709-4842-9022-B96B7589233B}.Release|x64.ActiveCfg = Release|x64
		{6E110CE8-E709-4842-9022-B96B7589233B}.Release|x64.Build.0 = Release|x64
		{6E110CE8-E709-4842-9022-B96B7589233B}.Release|x86.ActiveCfg = Release|Win32
		{6E110CE8-E709-4842-9022-B96B7589233B}.Release|x86.Build.0 = Release|Win32
		{144EA11B-2E76-4AFA-87ED-50F8FD6D9103}.Debug|Any CPU.ActiveCfg = Debug|Any CPU
		{144EA11B-2E76-4AFA-87ED-50F8FD6D9103}.Debug|Any CPU.Build.0 = Debug|Any CPU
		{144EA11B-2E76-4AFA-87ED-50F8FD6D9103}.Debug|x64.ActiveCfg = Debug|Any CPU
		{144EA11B-2E76-4AFA-87ED-50F8FD6D9103}.Debug|x64.Build.0 = Debug|Any CPU
		{144EA11B-2E76-4AFA-87ED-50F8FD6D9103}.Debug|x86.ActiveCfg = Debug|Any CPU
		{144EA11B-2E76-4AFA-87ED-50F8FD6D9103}.Debug|x86.Build.0 = Debug|Any CPU
		{144EA11B-2E76-4AFA-87ED-50F8FD6D9103}.Release|Any CPU.ActiveCfg = Release|Any CPU
		{144EA11B-2E76-4AFA-87ED-50F8FD6D9103}.Release|Any CPU.Build.0 = Release|Any CPU
		{144EA11B-2E76-4AFA-87ED-50F8FD6D9103}.Release|x64.ActiveCfg = Release|Any CPU
		{144EA11B-2E76-4AFA-87ED-50F8FD6D9103}.Release|x64.Build.0 = Release|Any CPU
		{144EA11B-2E76-4AFA-87ED-50F8FD6D9103}.Release|x86.ActiveCfg = Release|Any CPU
		{144EA11B-2E76-4AFA-87ED-50F8FD6D9103}.Release|x86.Build.0 = Release|Any CPU
	EndGlobalSection
	GlobalSection(SolutionProperties) = preSolution
		HideSolutionNode = FALSE
	EndGlobalSection
EndGlobal
